// !$*UTF8*$!
{
	archiveVersion = 1;
	classes = {
	};
	objectVersion = 46;
	objects = {

/* Begin PBXBuildFile section */
		389844DF1C5ACA1100CA41AF /* AppDelegate.swift in Sources */ = {isa = PBXBuildFile; fileRef = 389844DE1C5ACA1100CA41AF /* AppDelegate.swift */; };
		389844E11C5ACA1100CA41AF /* ViewController.swift in Sources */ = {isa = PBXBuildFile; fileRef = 389844E01C5ACA1100CA41AF /* ViewController.swift */; };
		389844E41C5ACA1100CA41AF /* Main.storyboard in Resources */ = {isa = PBXBuildFile; fileRef = 389844E21C5ACA1100CA41AF /* Main.storyboard */; };
		389844E61C5ACA1100CA41AF /* Assets.xcassets in Resources */ = {isa = PBXBuildFile; fileRef = 389844E51C5ACA1100CA41AF /* Assets.xcassets */; };
		389844E91C5ACA1100CA41AF /* LaunchScreen.storyboard in Resources */ = {isa = PBXBuildFile; fileRef = 389844E71C5ACA1100CA41AF /* LaunchScreen.storyboard */; };
/* End PBXBuildFile section */

/* Begin PBXFileReference section */
		389844DB1C5ACA1100CA41AF /* UsingSizeClasses.app */ = {isa = PBXFileReference; explicitFileType = wrapper.application; includeInIndex = 0; path = UsingSizeClasses.app; sourceTree = BUILT_PRODUCTS_DIR; };
		389844DE1C5ACA1100CA41AF /* AppDelegate.swift */ = {isa = PBXFileReference; lastKnownFileType = sourcecode.swift; path = AppDelegate.swift; sourceTree = "<group>"; };
		389844E01C5ACA1100CA41AF /* ViewController.swift */ = {isa = PBXFileReference; lastKnownFileType = sourcecode.swift; path = ViewController.swift; sourceTree = "<group>"; };
		389844E31C5ACA1100CA41AF /* Base */ = {isa = PBXFileReference; lastKnownFileType = file.storyboard; name = Base; path = Base.lproj/Main.storyboard; sourceTree = "<group>"; };
		389844E51C5ACA1100CA41AF /* Assets.xcassets */ = {isa = PBXFileReference; lastKnownFileType = folder.assetcatalog; path = Assets.xcassets; sourceTree = "<group>"; };
		389844E81C5ACA1100CA41AF /* Base */ = {isa = PBXFileReference; lastKnownFileType = file.storyboard; name = Base; path = Base.lproj/LaunchScreen.storyboard; sourceTree = "<group>"; };
		389844EA1C5ACA1100CA41AF /* Info.plist */ = {isa = PBXFileReference; lastKnownFileType = text.plist.xml; path = Info.plist; sourceTree = "<group>"; };
/* End PBXFileReference section */

/* Begin PBXFrameworksBuildPhase section */
		389844D81C5ACA1100CA41AF /* Frameworks */ = {
			isa = PBXFrameworksBuildPhase;
			buildActionMask = 2147483647;
			files = (
			);
			runOnlyForDeploymentPostprocessing = 0;
		};
/* End PBXFrameworksBuildPhase section */

/* Begin PBXGroup section */
		389844D21C5ACA1100CA41AF = {
			isa = PBXGroup;
			children = (
				389844DD1C5ACA1100CA41AF /* UsingSizeClasses */,
				389844DC1C5ACA1100CA41AF /* Products */,
			);
			sourceTree = "<group>";
		};
		389844DC1C5ACA1100CA41AF /* Products */ = {
			isa = PBXGroup;
			children = (
				389844DB1C5ACA1100CA41AF /* UsingSizeClasses.app */,
			);
			name = Products;
			sourceTree = "<group>";
		};
		389844DD1C5ACA1100CA41AF /* UsingSizeClasses */ = {
			isa = PBXGroup;
			children = (
				389844DE1C5ACA1100CA41AF /* AppDelegate.swift */,
				389844E01C5ACA1100CA41AF /* ViewController.swift */,
				389844E21C5ACA1100CA41AF /* Main.storyboard */,
				389844E51C5ACA1100CA41AF /* Assets.xcassets */,
				389844E71C5ACA1100CA41AF /* LaunchScreen.storyboard */,
				389844EA1C5ACA1100CA41AF /* Info.plist */,
			);
			path = UsingSizeClasses;
			sourceTree = "<group>";
		};
/* End PBXGroup section */

/* Begin PBXNativeTarget section */
		389844DA1C5ACA1100CA41AF /* UsingSizeClasses */ = {
			isa = PBXNativeTarget;
			buildConfigurationList = 389844ED1C5ACA1100CA41AF /* Build configuration list for PBXNativeTarget "UsingSizeClasses" */;
			buildPhases = (
				389844D71C5ACA1100CA41AF /* Sources */,
				389844D81C5ACA1100CA41AF /* Frameworks */,
				389844D91C5ACA1100CA41AF /* Resources */,
			);
			buildRules = (
			);
			dependencies = (
			);
			name = UsingSizeClasses;
			productName = UsingSizeClasses;
			productReference = 389844DB1C5ACA1100CA41AF /* UsingSizeClasses.app */;
			productType = "com.apple.product-type.application";
		};
/* End PBXNativeTarget section */

/* Begin PBXProject section */
		389844D31C5ACA1100CA41AF /* Project object */ = {
			isa = PBXProject;
			attributes = {
				LastSwiftUpdateCheck = 0720;
				LastUpgradeCheck = 0720;
				ORGANIZATIONNAME = "Peter Mullans";
				TargetAttributes = {
					389844DA1C5ACA1100CA41AF = {
						CreatedOnToolsVersion = 7.2;
						DevelopmentTeam = LZTQHN338L;
					};
				};
			};
			buildConfigurationList = 389844D61C5ACA1100CA41AF /* Build configuration list for PBXProject "UsingSizeClasses" */;
			compatibilityVersion = "Xcode 3.2";
			developmentRegion = English;
			hasScannedForEncodings = 0;
			knownRegions = (
				en,
				Base,
			);
			mainGroup = 389844D21C5ACA1100CA41AF;
			productRefGroup = 389844DC1C5ACA1100CA41AF /* Products */;
			projectDirPath = "";
			projectRoot = "";
			targets = (
				389844DA1C5ACA1100CA41AF /* UsingSizeClasses */,
			);
		};
/* End PBXProject section */

/* Begin PBXResourcesBuildPhase section */
		389844D91C5ACA1100CA41AF /* Resources */ = {
			isa = PBXResourcesBuildPhase;
			buildActionMask = 2147483647;
			files = (
				389844E91C5ACA1100CA41AF /* LaunchScreen.storyboard in Resources */,
				389844E61C5ACA1100CA41AF /* Assets.xcassets in Resources */,
				389844E41C5ACA1100CA41AF /* Main.storyboard in Resources */,
			);
			runOnlyForDeploymentPostprocessing = 0;
		};
/* End PBXResourcesBuildPhase section */

/* Begin PBXSourcesBuildPhase section */
		389844D71C5ACA1100CA41AF /* Sources */ = {
			isa = PBXSourcesBuildPhase;
			buildActionMask = 2147483647;
			files = (
				389844E11C5ACA1100CA41AF /* ViewController.swift in Sources */,
				389844DF1C5ACA1100CA41AF /* AppDelegate.swift in Sources */,
			);
			runOnlyForDeploymentPostprocessing = 0;
		};
/* End PBXSourcesBuildPhase section */

/* Begin PBXVariantGroup section */
		389844E21C5ACA1100CA41AF /* Main.storyboard */ = {
			isa = PBXVariantGroup;
			children = (
				389844E31C5ACA1100CA41AF /* Base */,
			);
			name = Main.storyboard;
			sourceTree = "<group>";
		};
		389844E71C5ACA1100CA41AF /* LaunchScreen.storyboard */ = {
			isa = PBXVariantGroup;
			children = (
				389844E81C5ACA1100CA41AF /* Base */,
			);
			name = LaunchScreen.storyboard;
			sourceTree = "<group>";
		};
/* End PBXVariantGroup section */

/* Begin XCBuildConfiguration section */
		389844EB1C5ACA1100CA41AF /* Debug */ = {
			isa = XCBuildConfiguration;
			buildSettings = {
				ALWAYS_SEARCH_USER_PATHS = NO;
				CLANG_CXX_LANGUAGE_STANDARD = "gnu++0x";
				CLANG_CXX_LIBRARY = "libc++";
				CLANG_ENABLE_MODULES = YES;
				CLANG_ENABLE_OBJC_ARC = YES;
				CLANG_WARN_BOOL_CONVERSION = YES;
				CLANG_WARN_CONSTANT_CONVERSION = YES;
				CLANG_WARN_DIRECT_OBJC_ISA_USAGE = YES_ERROR;
				CLANG_WARN_EMPTY_BODY = YES;
				CLANG_WARN_ENUM_CONVERSION = YES;
				CLANG_WARN_INT_CONVERSION = YES;
				CLANG_WARN_OBJC_ROOT_CLASS = YES_ERROR;
				CLANG_WARN_UNREACHABLE_CODE = YES;
				CLANG_WARN__DUPLICATE_METHOD_MATCH = YES;
				"CODE_SIGN_IDENTITY[sdk=iphoneos*]" = "iPhone Developer";
				COPY_PHASE_STRIP = NO;
				DEBUG_INFORMATION_FORMAT = dwarf;
				ENABLE_STRICT_OBJC_MSGSEND = YES;
				ENABLE_TESTABILITY = YES;
				GCC_C_LANGUAGE_STANDARD = gnu99;
				GCC_DYNAMIC_NO_PIC = NO;
				GCC_NO_COMMON_BLOCKS = YES;
				GCC_OPTIMIZATION_LEVEL = 0;
				GCC_PREPROCESSOR_DEFINITIONS = (
					"DEBUG=1",
					"$(inherited)",
				);
				GCC_WARN_64_TO_32_BIT_CONVERSION = YES;
				GCC_WARN_ABOUT_RETURN_TYPE = YES_ERROR;
				GCC_WARN_UNDECLARED_SELECTOR = YES;
				GCC_WARN_UNINITIALIZED_AUTOS = YES_AGGRESSIVE;
				GCC_WARN_UNUSED_FUNCTION = YES;
				GCC_WARN_UNUSED_VARIABLE = YES;
				IPHONEOS_DEPLOYMENT_TARGET = 9.2;
				MTL_ENABLE_DEBUG_INFO = YES;
				ONLY_ACTIVE_ARCH = YES;
				SDKROOT = iphoneos;
				SWIFT_OPTIMIZATION_LEVEL = "-Onone";
				TARGETED_DEVICE_FAMILY = "1,2";
			};
			name = Debug;
		};
		389844EC1C5ACA1100CA41AF /* Release */ = {
			isa = XCBuildConfiguration;
			buildSettings = {
				ALWAYS_SEARCH_USER_PATHS = NO;
				CLANG_CXX_LANGUAGE_STANDARD = "gnu++0x";
				CLANG_CXX_LIBRARY = "libc++";
				CLANG_ENABLE_MODULES = YES;
				CLANG_ENABLE_OBJC_ARC = YES;
				CLANG_WARN_BOOL_CONVERSION = YES;
				CLANG_WARN_CONSTANT_CONVERSION = YES;
				CLANG_WARN_DIRECT_OBJC_ISA_USAGE = YES_ERROR;
				CLANG_WARN_EMPTY_BODY = YES;
				CLANG_WARN_ENUM_CONVERSION = YES;
				CLANG_WARN_INT_CONVERSION = YES;
				CLANG_WARN_OBJC_ROOT_CLASS = YES_ERROR;
				CLANG_WARN_UNREACHABLE_CODE = YES;
				CLANG_WARN__DUPLICATE_METHOD_MATCH = YES;
				"CODE_SIGN_IDENTITY[sdk=iphoneos*]" = "iPhone Developer";
				COPY_PHASE_STRIP = NO;
				DEBUG_INFORMATION_FORMAT = "dwarf-with-dsym";
				ENABLE_NS_ASSERTIONS = NO;
				ENABLE_STRICT_OBJC_MSGSEND = YES;
				GCC_C_LANGUAGE_STANDARD = gnu99;
				GCC_NO_COMMON_BLOCKS = YES;
				GCC_WARN_64_TO_32_BIT_CONVERSION = YES;
				GCC_WARN_ABOUT_RETURN_TYPE = YES_ERROR;
				GCC_WARN_UNDECLARED_SELECTOR = YES;
				GCC_WARN_UNINITIALIZED_AUTOS = YES_AGGRESSIVE;
				GCC_WARN_UNUSED_FUNCTION = YES;
				GCC_WARN_UNUSED_VARIABLE = YES;
				IPHONEOS_DEPLOYMENT_TARGET = 9.2;
				MTL_ENABLE_DEBUG_INFO = NO;
				SDKROOT = iphoneos;
				TARGETED_DEVICE_FAMILY = "1,2";
				VALIDATE_PRODUCT = YES;
			};
			name = Release;
		};
		389844EE1C5ACA1100CA41AF /* Debug */ = {
			isa = XCBuildConfiguration;
			buildSettings = {
				ASSETCATALOG_COMPILER_APPICON_NAME = AppIcon;
				INFOPLIST_FILE = UsingSizeClasses/Info.plist;
				LD_RUNPATH_SEARCH_PATHS = "$(inherited) @executable_path/Frameworks";
				PRODUCT_BUNDLE_IDENTIFIER = com.pmullans.UsingSizeClasses;
				PRODUCT_NAME = "$(TARGET_NAME)";
			};
			name = Debug;
		};
		389844EF1C5ACA1100CA41AF /* Release */ = {
			isa = XCBuildConfiguration;
			buildSettings = {
				ASSETCATALOG_COMPILER_APPICON_NAME = AppIcon;
				INFOPLIST_FILE = UsingSizeClasses/Info.plist;
				LD_RUNPATH_SEARCH_PATHS = "$(inherited) @executable_path/Frameworks";
				PRODUCT_BUNDLE_IDENTIFIER = com.pmullans.UsingSizeClasses;
				PRODUCT_NAME = "$(TARGET_NAME)";
			};
			name = Release;
		};
/* End XCBuildConfiguration section */

/* Begin XCConfigurationList section */
		389844D61C5ACA1100CA41AF /* Build configuration list for PBXProject "UsingSizeClasses" */ = {
			isa = XCConfigurationList;
			buildConfigurations = (
				389844EB1C5ACA1100CA41AF /* Debug */,
				389844EC1C5ACA1100CA41AF /* Release */,
			);
			defaultConfigurationIsVisible = 0;
			defaultConfigurationName = Release;
		};
		389844ED1C5ACA1100CA41AF /* Build configuration list for PBXNativeTarget "UsingSizeClasses" */ = {
			isa = XCConfigurationList;
			buildConfigurations = (
				389844EE1C5ACA1100CA41AF /* Debug */,
				389844EF1C5ACA1100CA41AF /* Release */,
			);
			defaultConfigurationIsVisible = 0;
		};
/* End XCConfigurationList section */
	};
	rootObject = 389844D31C5ACA1100CA41AF /* Project object */;
}
